
Microsoft Visual Studio Solution File, Format Version 12.00
# Visual Studio Version 17
VisualStudioVersion = 17.4.33213.308
MinimumVisualStudioVersion = 10.0.40219.1
Project("{FAE04EC0-301F-11D3-BF4B-00C04F79EFBC}") = "PL", "PL\PL.csproj", "{5A0062BF-98B1-4584-AC7D-D62E577B4942}"
EndProject
Project("{FAE04EC0-301F-11D3-BF4B-00C04F79EFBC}") = "BL", "BL\BL.csproj", "{DB9AB6D5-36E7-4F1D-9B14-2ECF3385FB51}"
EndProject
Project("{FAE04EC0-301F-11D3-BF4B-00C04F79EFBC}") = "DL", "DL\DL.csproj", "{DA846E06-82CB-44C6-A802-4E8A5F187CAC}"
EndProject
Project("{FAE04EC0-301F-11D3-BF4B-00C04F79EFBC}") = "ML", "ML\ML.csproj", "{346E0C6C-236C-4CF9-B44B-497C28988AB4}"
EndProject
Global
	GlobalSection(SolutionConfigurationPlatforms) = preSolution
		Debug|Any CPU = Debug|Any CPU
		Release|Any CPU = Release|Any CPU
	EndGlobalSection
	GlobalSection(ProjectConfigurationPlatforms) = postSolution
		{5A0062BF-98B1-4584-AC7D-D62E577B4942}.Debug|Any CPU.ActiveCfg = Debug|Any CPU
		{5A0062BF-98B1-4584-AC7D-D62E577B4942}.Debug|Any CPU.Build.0 = Debug|Any CPU
		{5A0062BF-98B1-4584-AC7D-D62E577B4942}.Release|Any CPU.ActiveCfg = Release|Any CPU
		{5A0062BF-98B1-4584-AC7D-D62E577B4942}.Release|Any CPU.Build.0 = Release|Any CPU
		{DB9AB6D5-36E7-4F1D-9B14-2ECF3385FB51}.Debug|Any CPU.ActiveCfg = Debug|Any CPU
		{DB9AB6D5-36E7-4F1D-9B14-2ECF3385FB51}.Debug|Any CPU.Build.0 = Debug|Any CPU
		{DB9AB6D5-36E7-4F1D-9B14-2ECF3385FB51}.Release|Any CPU.ActiveCfg = Release|Any CPU
		{DB9AB6D5-36E7-4F1D-9B14-2ECF3385FB51}.Release|Any CPU.Build.0 = Release|Any CPU
		{DA846E06-82CB-44C6-A802-4E8A5F187CAC}.Debug|Any CPU.ActiveCfg = Debug|Any CPU
		{DA846E06-82CB-44C6-A802-4E8A5F187CAC}.Debug|Any CPU.Build.0 = Debug|Any CPU
		{DA846E06-82CB-44C6-A802-4E8A5F187CAC}.Release|Any CPU.ActiveCfg = Release|Any CPU
		{DA846E06-82CB-44C6-A802-4E8A5F187CAC}.Release|Any CPU.Build.0 = Release|Any CPU
		{346E0C6C-236C-4CF9-B44B-497C28988AB4}.Debug|Any CPU.ActiveCfg = Debug|Any CPU
		{346E0C6C-236C-4CF9-B44B-497C28988AB4}.Debug|Any CPU.Build.0 = Debug|Any CPU
		{346E0C6C-236C-4CF9-B44B-497C28988AB4}.Release|Any CPU.ActiveCfg = Release|Any CPU
		{346E0C6C-236C-4CF9-B44B-497C28988AB4}.Release|Any CPU.Build.0 = Release|Any CPU
	EndGlobalSection
	GlobalSection(SolutionProperties) = preSolution
		HideSolutionNode = FALSE
	EndGlobalSection
	GlobalSection(ExtensibilityGlobals) = postSolution
		SolutionGuid = {8AC76B0A-879E-45D2-BD44-8F0009374AAA}
	EndGlobalSection
EndGlobal
